// !$*UTF8*$!
{
	archiveVersion = 1;
	classes = {
	};
	objectVersion = 56;
	objects = {

/* Begin PBXBuildFile section */
		110BFB8C2B47639B0021B151 /* AppDelegate.swift in Sources */ = {isa = PBXBuildFile; fileRef = 110BFB8B2B47639B0021B151 /* AppDelegate.swift */; };
		110BFB8E2B47639B0021B151 /* SceneDelegate.swift in Sources */ = {isa = PBXBuildFile; fileRef = 110BFB8D2B47639B0021B151 /* SceneDelegate.swift */; };
		110BFB962B47639B0021B151 /* football_app.xcdatamodeld in Sources */ = {isa = PBXBuildFile; fileRef = 110BFB942B47639B0021B151 /* football_app.xcdatamodeld */; };
		110BFB982B47639C0021B151 /* Assets.xcassets in Resources */ = {isa = PBXBuildFile; fileRef = 110BFB972B47639C0021B151 /* Assets.xcassets */; };
		110BFB9B2B47639C0021B151 /* LaunchScreen.storyboard in Resources */ = {isa = PBXBuildFile; fileRef = 110BFB992B47639C0021B151 /* LaunchScreen.storyboard */; };
		110BFBA42B4764350021B151 /* MatchListViewController.swift in Sources */ = {isa = PBXBuildFile; fileRef = 110BFBA32B4764350021B151 /* MatchListViewController.swift */; };
		110BFBA92B4771EC0021B151 /* APIService.swift in Sources */ = {isa = PBXBuildFile; fileRef = 110BFBA82B4771EC0021B151 /* APIService.swift */; };
		110BFBAD2B4774EF0021B151 /* MatchServiceProtocol.swift in Sources */ = {isa = PBXBuildFile; fileRef = 110BFBAC2B4774EF0021B151 /* MatchServiceProtocol.swift */; };
		110BFBAF2B4775550021B151 /* Match.swift in Sources */ = {isa = PBXBuildFile; fileRef = 110BFBAE2B4775550021B151 /* Match.swift */; };
		110BFBB12B4776CD0021B151 /* MatchService.swift in Sources */ = {isa = PBXBuildFile; fileRef = 110BFBB02B4776CD0021B151 /* MatchService.swift */; };
		110BFBB42B477B9B0021B151 /* DependencyContainer.swift in Sources */ = {isa = PBXBuildFile; fileRef = 110BFBB32B477B9B0021B151 /* DependencyContainer.swift */; };
		110BFBB72B477C480021B151 /* APIConstants.swift in Sources */ = {isa = PBXBuildFile; fileRef = 110BFBB62B477C480021B151 /* APIConstants.swift */; };
		110BFBBA2B477F330021B151 /* Model.swift in Sources */ = {isa = PBXBuildFile; fileRef = 110BFBB92B477F330021B151 /* Model.swift */; };
		110BFBBD2B4780330021B151 /* DateFormatters+Ext.swift in Sources */ = {isa = PBXBuildFile; fileRef = 110BFBBC2B4780330021B151 /* DateFormatters+Ext.swift */; };
		110BFBBF2B4816680021B151 /* MatchListTabViewController.swift in Sources */ = {isa = PBXBuildFile; fileRef = 110BFBBE2B4816680021B151 /* MatchListTabViewController.swift */; };
		110BFBC22B48269D0021B151 /* ViewController.swift in Sources */ = {isa = PBXBuildFile; fileRef = 110BFBC12B48269D0021B151 /* ViewController.swift */; };
		110BFBC82B4828AC0021B151 /* MatchListViewModelProtocol.swift in Sources */ = {isa = PBXBuildFile; fileRef = 110BFBC72B4828AC0021B151 /* MatchListViewModelProtocol.swift */; };
		110BFBCA2B4828B60021B151 /* MatchListViewModel.swift in Sources */ = {isa = PBXBuildFile; fileRef = 110BFBC92B4828B60021B151 /* MatchListViewModel.swift */; };
		110BFBD12B489FFA0021B151 /* MatchListCell.swift in Sources */ = {isa = PBXBuildFile; fileRef = 110BFBD02B489FFA0021B151 /* MatchListCell.swift */; };
		110BFBD32B48A0BC0021B151 /* MatchListHeader.swift in Sources */ = {isa = PBXBuildFile; fileRef = 110BFBD22B48A0BC0021B151 /* MatchListHeader.swift */; };
		110BFBD52B48A8F70021B151 /* UIImageView+Ext.swift in Sources */ = {isa = PBXBuildFile; fileRef = 110BFBD42B48A8F70021B151 /* UIImageView+Ext.swift */; };
		110BFBD72B48ACDF0021B151 /* Team.swift in Sources */ = {isa = PBXBuildFile; fileRef = 110BFBD62B48ACDF0021B151 /* Team.swift */; };
		110BFBD92B48B3B30021B151 /* Date+Ext.swift in Sources */ = {isa = PBXBuildFile; fileRef = 110BFBD82B48B3B30021B151 /* Date+Ext.swift */; };
		110BFBDD2B48B45C0021B151 /* MatchListCellViewModel.swift in Sources */ = {isa = PBXBuildFile; fileRef = 110BFBDC2B48B45C0021B151 /* MatchListCellViewModel.swift */; };
		110BFBDF2B48C0A20021B151 /* ActivityIndicatorView.swift in Sources */ = {isa = PBXBuildFile; fileRef = 110BFBDE2B48C0A20021B151 /* ActivityIndicatorView.swift */; };
		110BFBE32B48C9D30021B151 /* TeamServiceProtocol.swift in Sources */ = {isa = PBXBuildFile; fileRef = 110BFBE22B48C9D30021B151 /* TeamServiceProtocol.swift */; };
		110BFBE62B48C9F70021B151 /* TeamService.swift in Sources */ = {isa = PBXBuildFile; fileRef = 110BFBE52B48C9F70021B151 /* TeamService.swift */; };
		110BFBE82B48CDC10021B151 /* MatchTeamView.swift in Sources */ = {isa = PBXBuildFile; fileRef = 110BFBE72B48CDC10021B151 /* MatchTeamView.swift */; };
		110BFBEA2B48CEB70021B151 /* MatchTeamViewModel.swift in Sources */ = {isa = PBXBuildFile; fileRef = 110BFBE92B48CEB70021B151 /* MatchTeamViewModel.swift */; };
		110BFBEC2B48DAE50021B151 /* MatchListHeaderViewModel.swift in Sources */ = {isa = PBXBuildFile; fileRef = 110BFBEB2B48DAE50021B151 /* MatchListHeaderViewModel.swift */; };
		110BFBF02B48EE770021B151 /* TeamListViewController.swift in Sources */ = {isa = PBXBuildFile; fileRef = 110BFBEF2B48EE770021B151 /* TeamListViewController.swift */; };
		110BFBF22B49D4E10021B151 /* TeamListViewModel.swift in Sources */ = {isa = PBXBuildFile; fileRef = 110BFBF12B49D4E10021B151 /* TeamListViewModel.swift */; };
		110BFBF52B49D8B10021B151 /* TeamListCell.swift in Sources */ = {isa = PBXBuildFile; fileRef = 110BFBF42B49D8B10021B151 /* TeamListCell.swift */; };
		110BFBF72B49DA410021B151 /* TeamListCellViewModel.swift in Sources */ = {isa = PBXBuildFile; fileRef = 110BFBF62B49DA410021B151 /* TeamListCellViewModel.swift */; };
		110BFBF92B49FE010021B151 /* TeamDetailViewController.swift in Sources */ = {isa = PBXBuildFile; fileRef = 110BFBF82B49FE010021B151 /* TeamDetailViewController.swift */; };
		110BFBFB2B4A02490021B151 /* TeamDetailViewModel.swift in Sources */ = {isa = PBXBuildFile; fileRef = 110BFBFA2B4A02490021B151 /* TeamDetailViewModel.swift */; };
		58389D57A1E8EA70CE9842E7 /* Pods_football_app.framework in Frameworks */ = {isa = PBXBuildFile; fileRef = DF03CD96F4100FCA2F70CD7C /* Pods_football_app.framework */; };
/* End PBXBuildFile section */

/* Begin PBXFileReference section */
		110BFB882B47639B0021B151 /* football-app.app */ = {isa = PBXFileReference; explicitFileType = wrapper.application; includeInIndex = 0; path = "football-app.app"; sourceTree = BUILT_PRODUCTS_DIR; };
		110BFB8B2B47639B0021B151 /* AppDelegate.swift */ = {isa = PBXFileReference; lastKnownFileType = sourcecode.swift; path = AppDelegate.swift; sourceTree = "<group>"; };
		110BFB8D2B47639B0021B151 /* SceneDelegate.swift */ = {isa = PBXFileReference; lastKnownFileType = sourcecode.swift; path = SceneDelegate.swift; sourceTree = "<group>"; };
		110BFB952B47639B0021B151 /* football_app.xcdatamodel */ = {isa = PBXFileReference; lastKnownFileType = wrapper.xcdatamodel; path = football_app.xcdatamodel; sourceTree = "<group>"; };
		110BFB972B47639C0021B151 /* Assets.xcassets */ = {isa = PBXFileReference; lastKnownFileType = folder.assetcatalog; path = Assets.xcassets; sourceTree = "<group>"; };
		110BFB9A2B47639C0021B151 /* Base */ = {isa = PBXFileReference; lastKnownFileType = file.storyboard; name = Base; path = Base.lproj/LaunchScreen.storyboard; sourceTree = "<group>"; };
		110BFB9C2B47639C0021B151 /* Info.plist */ = {isa = PBXFileReference; lastKnownFileType = text.plist.xml; path = Info.plist; sourceTree = "<group>"; };
		110BFBA32B4764350021B151 /* MatchListViewController.swift */ = {isa = PBXFileReference; lastKnownFileType = sourcecode.swift; path = MatchListViewController.swift; sourceTree = "<group>"; };
		110BFBA82B4771EC0021B151 /* APIService.swift */ = {isa = PBXFileReference; lastKnownFileType = sourcecode.swift; path = APIService.swift; sourceTree = "<group>"; };
		110BFBAC2B4774EF0021B151 /* MatchServiceProtocol.swift */ = {isa = PBXFileReference; lastKnownFileType = sourcecode.swift; path = MatchServiceProtocol.swift; sourceTree = "<group>"; };
		110BFBAE2B4775550021B151 /* Match.swift */ = {isa = PBXFileReference; lastKnownFileType = sourcecode.swift; path = Match.swift; sourceTree = "<group>"; };
		110BFBB02B4776CD0021B151 /* MatchService.swift */ = {isa = PBXFileReference; lastKnownFileType = sourcecode.swift; path = MatchService.swift; sourceTree = "<group>"; };
		110BFBB32B477B9B0021B151 /* DependencyContainer.swift */ = {isa = PBXFileReference; lastKnownFileType = sourcecode.swift; path = DependencyContainer.swift; sourceTree = "<group>"; };
		110BFBB62B477C480021B151 /* APIConstants.swift */ = {isa = PBXFileReference; lastKnownFileType = sourcecode.swift; path = APIConstants.swift; sourceTree = "<group>"; };
		110BFBB92B477F330021B151 /* Model.swift */ = {isa = PBXFileReference; lastKnownFileType = sourcecode.swift; path = Model.swift; sourceTree = "<group>"; };
		110BFBBC2B4780330021B151 /* DateFormatters+Ext.swift */ = {isa = PBXFileReference; lastKnownFileType = sourcecode.swift; path = "DateFormatters+Ext.swift"; sourceTree = "<group>"; };
		110BFBBE2B4816680021B151 /* MatchListTabViewController.swift */ = {isa = PBXFileReference; lastKnownFileType = sourcecode.swift; path = MatchListTabViewController.swift; sourceTree = "<group>"; };
		110BFBC12B48269D0021B151 /* ViewController.swift */ = {isa = PBXFileReference; lastKnownFileType = sourcecode.swift; path = ViewController.swift; sourceTree = "<group>"; };
		110BFBC72B4828AC0021B151 /* MatchListViewModelProtocol.swift */ = {isa = PBXFileReference; lastKnownFileType = sourcecode.swift; path = MatchListViewModelProtocol.swift; sourceTree = "<group>"; };
		110BFBC92B4828B60021B151 /* MatchListViewModel.swift */ = {isa = PBXFileReference; lastKnownFileType = sourcecode.swift; path = MatchListViewModel.swift; sourceTree = "<group>"; };
		110BFBD02B489FFA0021B151 /* MatchListCell.swift */ = {isa = PBXFileReference; lastKnownFileType = sourcecode.swift; path = MatchListCell.swift; sourceTree = "<group>"; };
		110BFBD22B48A0BC0021B151 /* MatchListHeader.swift */ = {isa = PBXFileReference; lastKnownFileType = sourcecode.swift; path = MatchListHeader.swift; sourceTree = "<group>"; };
		110BFBD42B48A8F70021B151 /* UIImageView+Ext.swift */ = {isa = PBXFileReference; lastKnownFileType = sourcecode.swift; path = "UIImageView+Ext.swift"; sourceTree = "<group>"; };
		110BFBD62B48ACDF0021B151 /* Team.swift */ = {isa = PBXFileReference; lastKnownFileType = sourcecode.swift; path = Team.swift; sourceTree = "<group>"; };
		110BFBD82B48B3B30021B151 /* Date+Ext.swift */ = {isa = PBXFileReference; lastKnownFileType = sourcecode.swift; path = "Date+Ext.swift"; sourceTree = "<group>"; };
		110BFBDC2B48B45C0021B151 /* MatchListCellViewModel.swift */ = {isa = PBXFileReference; lastKnownFileType = sourcecode.swift; path = MatchListCellViewModel.swift; sourceTree = "<group>"; };
		110BFBDE2B48C0A20021B151 /* ActivityIndicatorView.swift */ = {isa = PBXFileReference; lastKnownFileType = sourcecode.swift; path = ActivityIndicatorView.swift; sourceTree = "<group>"; };
		110BFBE22B48C9D30021B151 /* TeamServiceProtocol.swift */ = {isa = PBXFileReference; lastKnownFileType = sourcecode.swift; path = TeamServiceProtocol.swift; sourceTree = "<group>"; };
		110BFBE52B48C9F70021B151 /* TeamService.swift */ = {isa = PBXFileReference; lastKnownFileType = sourcecode.swift; path = TeamService.swift; sourceTree = "<group>"; };
		110BFBE72B48CDC10021B151 /* MatchTeamView.swift */ = {isa = PBXFileReference; lastKnownFileType = sourcecode.swift; path = MatchTeamView.swift; sourceTree = "<group>"; };
		110BFBE92B48CEB70021B151 /* MatchTeamViewModel.swift */ = {isa = PBXFileReference; lastKnownFileType = sourcecode.swift; path = MatchTeamViewModel.swift; sourceTree = "<group>"; };
		110BFBEB2B48DAE50021B151 /* MatchListHeaderViewModel.swift */ = {isa = PBXFileReference; lastKnownFileType = sourcecode.swift; path = MatchListHeaderViewModel.swift; sourceTree = "<group>"; };
		110BFBEF2B48EE770021B151 /* TeamListViewController.swift */ = {isa = PBXFileReference; lastKnownFileType = sourcecode.swift; path = TeamListViewController.swift; sourceTree = "<group>"; };
		110BFBF12B49D4E10021B151 /* TeamListViewModel.swift */ = {isa = PBXFileReference; lastKnownFileType = sourcecode.swift; path = TeamListViewModel.swift; sourceTree = "<group>"; };
		110BFBF42B49D8B10021B151 /* TeamListCell.swift */ = {isa = PBXFileReference; lastKnownFileType = sourcecode.swift; path = TeamListCell.swift; sourceTree = "<group>"; };
		110BFBF62B49DA410021B151 /* TeamListCellViewModel.swift */ = {isa = PBXFileReference; lastKnownFileType = sourcecode.swift; path = TeamListCellViewModel.swift; sourceTree = "<group>"; };
		110BFBF82B49FE010021B151 /* TeamDetailViewController.swift */ = {isa = PBXFileReference; lastKnownFileType = sourcecode.swift; path = TeamDetailViewController.swift; sourceTree = "<group>"; };
		110BFBFA2B4A02490021B151 /* TeamDetailViewModel.swift */ = {isa = PBXFileReference; lastKnownFileType = sourcecode.swift; path = TeamDetailViewModel.swift; sourceTree = "<group>"; };
		7FB07ADA3C89C66C7B78D570 /* Pods-football-app.debug.xcconfig */ = {isa = PBXFileReference; includeInIndex = 1; lastKnownFileType = text.xcconfig; name = "Pods-football-app.debug.xcconfig"; path = "Target Support Files/Pods-football-app/Pods-football-app.debug.xcconfig"; sourceTree = "<group>"; };
		87DC3CC7599EC1794F4E1E7D /* Pods-football-app.release.xcconfig */ = {isa = PBXFileReference; includeInIndex = 1; lastKnownFileType = text.xcconfig; name = "Pods-football-app.release.xcconfig"; path = "Target Support Files/Pods-football-app/Pods-football-app.release.xcconfig"; sourceTree = "<group>"; };
		DF03CD96F4100FCA2F70CD7C /* Pods_football_app.framework */ = {isa = PBXFileReference; explicitFileType = wrapper.framework; includeInIndex = 0; path = Pods_football_app.framework; sourceTree = BUILT_PRODUCTS_DIR; };
/* End PBXFileReference section */

/* Begin PBXFrameworksBuildPhase section */
		110BFB852B47639B0021B151 /* Frameworks */ = {
			isa = PBXFrameworksBuildPhase;
			buildActionMask = 2147483647;
			files = (
				58389D57A1E8EA70CE9842E7 /* Pods_football_app.framework in Frameworks */,
			);
			runOnlyForDeploymentPostprocessing = 0;
		};
/* End PBXFrameworksBuildPhase section */

/* Begin PBXGroup section */
		110BFB7F2B47639A0021B151 = {
			isa = PBXGroup;
			children = (
				110BFB8A2B47639B0021B151 /* football-app */,
				110BFB892B47639B0021B151 /* Products */,
				6011D6A2D9122D2863684798 /* Pods */,
				93EB7EB4A4129636D3F5F02B /* Frameworks */,
			);
			sourceTree = "<group>";
		};
		110BFB892B47639B0021B151 /* Products */ = {
			isa = PBXGroup;
			children = (
				110BFB882B47639B0021B151 /* football-app.app */,
			);
			name = Products;
			sourceTree = "<group>";
		};
		110BFB8A2B47639B0021B151 /* football-app */ = {
			isa = PBXGroup;
			children = (
				110BFBBB2B477FF00021B151 /* Extension */,
				110BFBB82B477F1D0021B151 /* Core */,
				110BFBB52B477C1A0021B151 /* Constant */,
				110BFBB22B477B810021B151 /* Dependency */,
				110BFBA22B4764080021B151 /* MatchList */,
				110BFBE02B48C9AC0021B151 /* Teams */,
				110BFB8B2B47639B0021B151 /* AppDelegate.swift */,
				110BFB8D2B47639B0021B151 /* SceneDelegate.swift */,
				110BFB972B47639C0021B151 /* Assets.xcassets */,
				110BFB992B47639C0021B151 /* LaunchScreen.storyboard */,
				110BFB9C2B47639C0021B151 /* Info.plist */,
				110BFB942B47639B0021B151 /* football_app.xcdatamodeld */,
			);
			path = "football-app";
			sourceTree = "<group>";
		};
		110BFBA22B4764080021B151 /* MatchList */ = {
			isa = PBXGroup;
			children = (
				110BFBCF2B4829FB0021B151 /* Services */,
				110BFBCE2B4829E10021B151 /* Models */,
				110BFBCD2B4829D80021B151 /* UI */,
			);
			path = MatchList;
			sourceTree = "<group>";
		};
		110BFBB22B477B810021B151 /* Dependency */ = {
			isa = PBXGroup;
			children = (
				110BFBB32B477B9B0021B151 /* DependencyContainer.swift */,
			);
			path = Dependency;
			sourceTree = "<group>";
		};
		110BFBB52B477C1A0021B151 /* Constant */ = {
			isa = PBXGroup;
			children = (
				110BFBB62B477C480021B151 /* APIConstants.swift */,
			);
			path = Constant;
			sourceTree = "<group>";
		};
		110BFBB82B477F1D0021B151 /* Core */ = {
			isa = PBXGroup;
			children = (
				110BFBC42B4826AD0021B151 /* API */,
				110BFBC32B4826A20021B151 /* Models */,
				110BFBC02B4826850021B151 /* UI */,
			);
			path = Core;
			sourceTree = "<group>";
		};
		110BFBBB2B477FF00021B151 /* Extension */ = {
			isa = PBXGroup;
			children = (
				110BFBBC2B4780330021B151 /* DateFormatters+Ext.swift */,
				110BFBD42B48A8F70021B151 /* UIImageView+Ext.swift */,
				110BFBD82B48B3B30021B151 /* Date+Ext.swift */,
			);
			path = Extension;
			sourceTree = "<group>";
		};
		110BFBC02B4826850021B151 /* UI */ = {
			isa = PBXGroup;
			children = (
				110BFBC12B48269D0021B151 /* ViewController.swift */,
				110BFBDE2B48C0A20021B151 /* ActivityIndicatorView.swift */,
			);
			path = UI;
			sourceTree = "<group>";
		};
		110BFBC32B4826A20021B151 /* Models */ = {
			isa = PBXGroup;
			children = (
				110BFBB92B477F330021B151 /* Model.swift */,
			);
			path = Models;
			sourceTree = "<group>";
		};
		110BFBC42B4826AD0021B151 /* API */ = {
			isa = PBXGroup;
			children = (
				110BFBA82B4771EC0021B151 /* APIService.swift */,
			);
			path = API;
			sourceTree = "<group>";
		};
		110BFBCB2B4828CC0021B151 /* Scene */ = {
			isa = PBXGroup;
			children = (
				110BFBBE2B4816680021B151 /* MatchListTabViewController.swift */,
				110BFBA32B4764350021B151 /* MatchListViewController.swift */,
				110BFBC72B4828AC0021B151 /* MatchListViewModelProtocol.swift */,
				110BFBC92B4828B60021B151 /* MatchListViewModel.swift */,
			);
			path = Scene;
			sourceTree = "<group>";
		};
		110BFBCC2B4828D40021B151 /* Components */ = {
			isa = PBXGroup;
			children = (
				110BFBD02B489FFA0021B151 /* MatchListCell.swift */,
				110BFBDC2B48B45C0021B151 /* MatchListCellViewModel.swift */,
				110BFBD22B48A0BC0021B151 /* MatchListHeader.swift */,
				110BFBEB2B48DAE50021B151 /* MatchListHeaderViewModel.swift */,
				110BFBE72B48CDC10021B151 /* MatchTeamView.swift */,
				110BFBE92B48CEB70021B151 /* MatchTeamViewModel.swift */,
			);
			path = Components;
			sourceTree = "<group>";
		};
		110BFBCD2B4829D80021B151 /* UI */ = {
			isa = PBXGroup;
			children = (
				110BFBCC2B4828D40021B151 /* Components */,
				110BFBCB2B4828CC0021B151 /* Scene */,
			);
			path = UI;
			sourceTree = "<group>";
		};
		110BFBCE2B4829E10021B151 /* Models */ = {
			isa = PBXGroup;
			children = (
				110BFBAE2B4775550021B151 /* Match.swift */,
			);
			path = Models;
			sourceTree = "<group>";
		};
		110BFBCF2B4829FB0021B151 /* Services */ = {
			isa = PBXGroup;
			children = (
				110BFBAC2B4774EF0021B151 /* MatchServiceProtocol.swift */,
				110BFBB02B4776CD0021B151 /* MatchService.swift */,
			);
			path = Services;
			sourceTree = "<group>";
		};
		110BFBE02B48C9AC0021B151 /* Teams */ = {
			isa = PBXGroup;
			children = (
				110BFBE12B48C9C00021B151 /* Services */,
				110BFBE42B48C9D80021B151 /* Models */,
				110BFBED2B48E8C60021B151 /* UI */,
			);
			path = Teams;
			sourceTree = "<group>";
		};
		110BFBE12B48C9C00021B151 /* Services */ = {
			isa = PBXGroup;
			children = (
				110BFBE22B48C9D30021B151 /* TeamServiceProtocol.swift */,
				110BFBE52B48C9F70021B151 /* TeamService.swift */,
			);
			path = Services;
			sourceTree = "<group>";
		};
		110BFBE42B48C9D80021B151 /* Models */ = {
			isa = PBXGroup;
			children = (
				110BFBD62B48ACDF0021B151 /* Team.swift */,
			);
			path = Models;
			sourceTree = "<group>";
		};
		110BFBED2B48E8C60021B151 /* UI */ = {
			isa = PBXGroup;
			children = (
				110BFBF32B49D8970021B151 /* Components */,
				110BFBEE2B48EE440021B151 /* Scene */,
			);
			path = UI;
			sourceTree = "<group>";
		};
		110BFBEE2B48EE440021B151 /* Scene */ = {
			isa = PBXGroup;
			children = (
				110BFBEF2B48EE770021B151 /* TeamListViewController.swift */,
				110BFBF12B49D4E10021B151 /* TeamListViewModel.swift */,
				110BFBF82B49FE010021B151 /* TeamDetailViewController.swift */,
				110BFBFA2B4A02490021B151 /* TeamDetailViewModel.swift */,
			);
			path = Scene;
			sourceTree = "<group>";
		};
		110BFBF32B49D8970021B151 /* Components */ = {
			isa = PBXGroup;
			children = (
				110BFBF42B49D8B10021B151 /* TeamListCell.swift */,
				110BFBF62B49DA410021B151 /* TeamListCellViewModel.swift */,
			);
			path = Components;
			sourceTree = "<group>";
		};
		6011D6A2D9122D2863684798 /* Pods */ = {
			isa = PBXGroup;
			children = (
				7FB07ADA3C89C66C7B78D570 /* Pods-football-app.debug.xcconfig */,
				87DC3CC7599EC1794F4E1E7D /* Pods-football-app.release.xcconfig */,
			);
			path = Pods;
			sourceTree = "<group>";
		};
		93EB7EB4A4129636D3F5F02B /* Frameworks */ = {
			isa = PBXGroup;
			children = (
				DF03CD96F4100FCA2F70CD7C /* Pods_football_app.framework */,
			);
			name = Frameworks;
			sourceTree = "<group>";
		};
/* End PBXGroup section */

/* Begin PBXNativeTarget section */
		110BFB872B47639B0021B151 /* football-app */ = {
			isa = PBXNativeTarget;
			buildConfigurationList = 110BFB9F2B47639C0021B151 /* Build configuration list for PBXNativeTarget "football-app" */;
			buildPhases = (
				622C22670B5D1A1F3CFBD7D2 /* [CP] Check Pods Manifest.lock */,
				110BFB842B47639B0021B151 /* Sources */,
				110BFB852B47639B0021B151 /* Frameworks */,
				110BFB862B47639B0021B151 /* Resources */,
				3C18A2E6D7B05B0EFBAAF6CC /* [CP] Embed Pods Frameworks */,
			);
			buildRules = (
			);
			dependencies = (
			);
			name = "football-app";
			productName = "football-app";
			productReference = 110BFB882B47639B0021B151 /* football-app.app */;
			productType = "com.apple.product-type.application";
		};
/* End PBXNativeTarget section */

/* Begin PBXProject section */
		110BFB802B47639A0021B151 /* Project object */ = {
			isa = PBXProject;
			attributes = {
				BuildIndependentTargetsInParallel = 1;
				LastSwiftUpdateCheck = 1500;
				LastUpgradeCheck = 1500;
				TargetAttributes = {
					110BFB872B47639B0021B151 = {
						CreatedOnToolsVersion = 15.0.1;
					};
				};
			};
			buildConfigurationList = 110BFB832B47639A0021B151 /* Build configuration list for PBXProject "football-app" */;
			compatibilityVersion = "Xcode 14.0";
			developmentRegion = en;
			hasScannedForEncodings = 0;
			knownRegions = (
				en,
				Base,
			);
			mainGroup = 110BFB7F2B47639A0021B151;
			productRefGroup = 110BFB892B47639B0021B151 /* Products */;
			projectDirPath = "";
			projectRoot = "";
			targets = (
				110BFB872B47639B0021B151 /* football-app */,
			);
		};
/* End PBXProject section */

/* Begin PBXResourcesBuildPhase section */
		110BFB862B47639B0021B151 /* Resources */ = {
			isa = PBXResourcesBuildPhase;
			buildActionMask = 2147483647;
			files = (
				110BFB9B2B47639C0021B151 /* LaunchScreen.storyboard in Resources */,
				110BFB982B47639C0021B151 /* Assets.xcassets in Resources */,
			);
			runOnlyForDeploymentPostprocessing = 0;
		};
/* End PBXResourcesBuildPhase section */

/* Begin PBXShellScriptBuildPhase section */
		3C18A2E6D7B05B0EFBAAF6CC /* [CP] Embed Pods Frameworks */ = {
			isa = PBXShellScriptBuildPhase;
			buildActionMask = 2147483647;
			files = (
			);
			inputFileListPaths = (
				"${PODS_ROOT}/Target Support Files/Pods-football-app/Pods-football-app-frameworks-${CONFIGURATION}-input-files.xcfilelist",
			);
			name = "[CP] Embed Pods Frameworks";
			outputFileListPaths = (
				"${PODS_ROOT}/Target Support Files/Pods-football-app/Pods-football-app-frameworks-${CONFIGURATION}-output-files.xcfilelist",
			);
			runOnlyForDeploymentPostprocessing = 0;
			shellPath = /bin/sh;
			shellScript = "\"${PODS_ROOT}/Target Support Files/Pods-football-app/Pods-football-app-frameworks.sh\"\n";
			showEnvVarsInLog = 0;
		};
		622C22670B5D1A1F3CFBD7D2 /* [CP] Check Pods Manifest.lock */ = {
			isa = PBXShellScriptBuildPhase;
			buildActionMask = 2147483647;
			files = (
			);
			inputFileListPaths = (
			);
			inputPaths = (
				"${PODS_PODFILE_DIR_PATH}/Podfile.lock",
				"${PODS_ROOT}/Manifest.lock",
			);
			name = "[CP] Check Pods Manifest.lock";
			outputFileListPaths = (
			);
			outputPaths = (
				"$(DERIVED_FILE_DIR)/Pods-football-app-checkManifestLockResult.txt",
			);
			runOnlyForDeploymentPostprocessing = 0;
			shellPath = /bin/sh;
			shellScript = "diff \"${PODS_PODFILE_DIR_PATH}/Podfile.lock\" \"${PODS_ROOT}/Manifest.lock\" > /dev/null\nif [ $? != 0 ] ; then\n    # print error to STDERR\n    echo \"error: The sandbox is not in sync with the Podfile.lock. Run 'pod install' or update your CocoaPods installation.\" >&2\n    exit 1\nfi\n# This output is used by Xcode 'outputs' to avoid re-running this script phase.\necho \"SUCCESS\" > \"${SCRIPT_OUTPUT_FILE_0}\"\n";
			showEnvVarsInLog = 0;
		};
/* End PBXShellScriptBuildPhase section */

/* Begin PBXSourcesBuildPhase section */
		110BFB842B47639B0021B151 /* Sources */ = {
			isa = PBXSourcesBuildPhase;
			buildActionMask = 2147483647;
			files = (
				110BFBBD2B4780330021B151 /* DateFormatters+Ext.swift in Sources */,
				110BFBF22B49D4E10021B151 /* TeamListViewModel.swift in Sources */,
				110BFBA42B4764350021B151 /* MatchListViewController.swift in Sources */,
				110BFBA92B4771EC0021B151 /* APIService.swift in Sources */,
				110BFBFB2B4A02490021B151 /* TeamDetailViewModel.swift in Sources */,
				110BFBC82B4828AC0021B151 /* MatchListViewModelProtocol.swift in Sources */,
				110BFBF72B49DA410021B151 /* TeamListCellViewModel.swift in Sources */,
				110BFBD52B48A8F70021B151 /* UIImageView+Ext.swift in Sources */,
				110BFBBF2B4816680021B151 /* MatchListTabViewController.swift in Sources */,
				110BFBE32B48C9D30021B151 /* TeamServiceProtocol.swift in Sources */,
				110BFBC22B48269D0021B151 /* ViewController.swift in Sources */,
				110BFBDD2B48B45C0021B151 /* MatchListCellViewModel.swift in Sources */,
				110BFB962B47639B0021B151 /* football_app.xcdatamodeld in Sources */,
				110BFBD72B48ACDF0021B151 /* Team.swift in Sources */,
				110BFBB12B4776CD0021B151 /* MatchService.swift in Sources */,
				110BFBF02B48EE770021B151 /* TeamListViewController.swift in Sources */,
				110BFBCA2B4828B60021B151 /* MatchListViewModel.swift in Sources */,
				110BFBF92B49FE010021B151 /* TeamDetailViewController.swift in Sources */,
				110BFBAD2B4774EF0021B151 /* MatchServiceProtocol.swift in Sources */,
				110BFBD92B48B3B30021B151 /* Date+Ext.swift in Sources */,
				110BFBEA2B48CEB70021B151 /* MatchTeamViewModel.swift in Sources */,
				110BFB8C2B47639B0021B151 /* AppDelegate.swift in Sources */,
				110BFB8E2B47639B0021B151 /* SceneDelegate.swift in Sources */,
				110BFBE62B48C9F70021B151 /* TeamService.swift in Sources */,
				110BFBF52B49D8B10021B151 /* TeamListCell.swift in Sources */,
				110BFBD32B48A0BC0021B151 /* MatchListHeader.swift in Sources */,
				110BFBDF2B48C0A20021B151 /* ActivityIndicatorView.swift in Sources */,
				110BFBB42B477B9B0021B151 /* DependencyContainer.swift in Sources */,
				110BFBBA2B477F330021B151 /* Model.swift in Sources */,
				110BFBEC2B48DAE50021B151 /* MatchListHeaderViewModel.swift in Sources */,
				110BFBD12B489FFA0021B151 /* MatchListCell.swift in Sources */,
				110BFBB72B477C480021B151 /* APIConstants.swift in Sources */,
				110BFBAF2B4775550021B151 /* Match.swift in Sources */,
				110BFBE82B48CDC10021B151 /* MatchTeamView.swift in Sources */,
			);
			runOnlyForDeploymentPostprocessing = 0;
		};
/* End PBXSourcesBuildPhase section */

/* Begin PBXVariantGroup section */
		110BFB992B47639C0021B151 /* LaunchScreen.storyboard */ = {
			isa = PBXVariantGroup;
			children = (
				110BFB9A2B47639C0021B151 /* Base */,
			);
			name = LaunchScreen.storyboard;
			sourceTree = "<group>";
		};
/* End PBXVariantGroup section */

/* Begin XCBuildConfiguration section */
		110BFB9D2B47639C0021B151 /* Debug */ = {
			isa = XCBuildConfiguration;
			buildSettings = {
				ALWAYS_SEARCH_USER_PATHS = NO;
				ASSETCATALOG_COMPILER_GENERATE_SWIFT_ASSET_SYMBOL_EXTENSIONS = YES;
				CLANG_ANALYZER_NONNULL = YES;
				CLANG_ANALYZER_NUMBER_OBJECT_CONVERSION = YES_AGGRESSIVE;
				CLANG_CXX_LANGUAGE_STANDARD = "gnu++20";
				CLANG_ENABLE_MODULES = YES;
				CLANG_ENABLE_OBJC_ARC = YES;
				CLANG_ENABLE_OBJC_WEAK = YES;
				CLANG_WARN_BLOCK_CAPTURE_AUTORELEASING = YES;
				CLANG_WARN_BOOL_CONVERSION = YES;
				CLANG_WARN_COMMA = YES;
				CLANG_WARN_CONSTANT_CONVERSION = YES;
				CLANG_WARN_DEPRECATED_OBJC_IMPLEMENTATIONS = YES;
				CLANG_WARN_DIRECT_OBJC_ISA_USAGE = YES_ERROR;
				CLANG_WARN_DOCUMENTATION_COMMENTS = YES;
				CLANG_WARN_EMPTY_BODY = YES;
				CLANG_WARN_ENUM_CONVERSION = YES;
				CLANG_WARN_INFINITE_RECURSION = YES;
				CLANG_WARN_INT_CONVERSION = YES;
				CLANG_WARN_NON_LITERAL_NULL_CONVERSION = YES;
				CLANG_WARN_OBJC_IMPLICIT_RETAIN_SELF = YES;
				CLANG_WARN_OBJC_LITERAL_CONVERSION = YES;
				CLANG_WARN_OBJC_ROOT_CLASS = YES_ERROR;
				CLANG_WARN_QUOTED_INCLUDE_IN_FRAMEWORK_HEADER = YES;
				CLANG_WARN_RANGE_LOOP_ANALYSIS = YES;
				CLANG_WARN_STRICT_PROTOTYPES = YES;
				CLANG_WARN_SUSPICIOUS_MOVE = YES;
				CLANG_WARN_UNGUARDED_AVAILABILITY = YES_AGGRESSIVE;
				CLANG_WARN_UNREACHABLE_CODE = YES;
				CLANG_WARN__DUPLICATE_METHOD_MATCH = YES;
				COPY_PHASE_STRIP = NO;
				DEBUG_INFORMATION_FORMAT = dwarf;
				ENABLE_STRICT_OBJC_MSGSEND = YES;
				ENABLE_TESTABILITY = YES;
				ENABLE_USER_SCRIPT_SANDBOXING = NO;
				GCC_C_LANGUAGE_STANDARD = gnu17;
				GCC_DYNAMIC_NO_PIC = NO;
				GCC_NO_COMMON_BLOCKS = YES;
				GCC_OPTIMIZATION_LEVEL = 0;
				GCC_PREPROCESSOR_DEFINITIONS = (
					"DEBUG=1",
					"$(inherited)",
				);
				GCC_WARN_64_TO_32_BIT_CONVERSION = YES;
				GCC_WARN_ABOUT_RETURN_TYPE = YES_ERROR;
				GCC_WARN_UNDECLARED_SELECTOR = YES;
				GCC_WARN_UNINITIALIZED_AUTOS = YES_AGGRESSIVE;
				GCC_WARN_UNUSED_FUNCTION = YES;
				GCC_WARN_UNUSED_VARIABLE = YES;
				IPHONEOS_DEPLOYMENT_TARGET = 17.0;
				LOCALIZATION_PREFERS_STRING_CATALOGS = YES;
				MTL_ENABLE_DEBUG_INFO = INCLUDE_SOURCE;
				MTL_FAST_MATH = YES;
				ONLY_ACTIVE_ARCH = YES;
				SDKROOT = iphoneos;
				SWIFT_ACTIVE_COMPILATION_CONDITIONS = "DEBUG $(inherited)";
				SWIFT_OPTIMIZATION_LEVEL = "-Onone";
			};
			name = Debug;
		};
		110BFB9E2B47639C0021B151 /* Release */ = {
			isa = XCBuildConfiguration;
			buildSettings = {
				ALWAYS_SEARCH_USER_PATHS = NO;
				ASSETCATALOG_COMPILER_GENERATE_SWIFT_ASSET_SYMBOL_EXTENSIONS = YES;
				CLANG_ANALYZER_NONNULL = YES;
				CLANG_ANALYZER_NUMBER_OBJECT_CONVERSION = YES_AGGRESSIVE;
				CLANG_CXX_LANGUAGE_STANDARD = "gnu++20";
				CLANG_ENABLE_MODULES = YES;
				CLANG_ENABLE_OBJC_ARC = YES;
				CLANG_ENABLE_OBJC_WEAK = YES;
				CLANG_WARN_BLOCK_CAPTURE_AUTORELEASING = YES;
				CLANG_WARN_BOOL_CONVERSION = YES;
				CLANG_WARN_COMMA = YES;
				CLANG_WARN_CONSTANT_CONVERSION = YES;
				CLANG_WARN_DEPRECATED_OBJC_IMPLEMENTATIONS = YES;
				CLANG_WARN_DIRECT_OBJC_ISA_USAGE = YES_ERROR;
				CLANG_WARN_DOCUMENTATION_COMMENTS = YES;
				CLANG_WARN_EMPTY_BODY = YES;
				CLANG_WARN_ENUM_CONVERSION = YES;
				CLANG_WARN_INFINITE_RECURSION = YES;
				CLANG_WARN_INT_CONVERSION = YES;
				CLANG_WARN_NON_LITERAL_NULL_CONVERSION = YES;
				CLANG_WARN_OBJC_IMPLICIT_RETAIN_SELF = YES;
				CLANG_WARN_OBJC_LITERAL_CONVERSION = YES;
				CLANG_WARN_OBJC_ROOT_CLASS = YES_ERROR;
				CLANG_WARN_QUOTED_INCLUDE_IN_FRAMEWORK_HEADER = YES;
				CLANG_WARN_RANGE_LOOP_ANALYSIS = YES;
				CLANG_WARN_STRICT_PROTOTYPES = YES;
				CLANG_WARN_SUSPICIOUS_MOVE = YES;
				CLANG_WARN_UNGUARDED_AVAILABILITY = YES_AGGRESSIVE;
				CLANG_WARN_UNREACHABLE_CODE = YES;
				CLANG_WARN__DUPLICATE_METHOD_MATCH = YES;
				COPY_PHASE_STRIP = NO;
				DEBUG_INFORMATION_FORMAT = "dwarf-with-dsym";
				ENABLE_NS_ASSERTIONS = NO;
				ENABLE_STRICT_OBJC_MSGSEND = YES;
				ENABLE_USER_SCRIPT_SANDBOXING = NO;
				GCC_C_LANGUAGE_STANDARD = gnu17;
				GCC_NO_COMMON_BLOCKS = YES;
				GCC_WARN_64_TO_32_BIT_CONVERSION = YES;
				GCC_WARN_ABOUT_RETURN_TYPE = YES_ERROR;
				GCC_WARN_UNDECLARED_SELECTOR = YES;
				GCC_WARN_UNINITIALIZED_AUTOS = YES_AGGRESSIVE;
				GCC_WARN_UNUSED_FUNCTION = YES;
				GCC_WARN_UNUSED_VARIABLE = YES;
				IPHONEOS_DEPLOYMENT_TARGET = 17.0;
				LOCALIZATION_PREFERS_STRING_CATALOGS = YES;
				MTL_ENABLE_DEBUG_INFO = NO;
				MTL_FAST_MATH = YES;
				SDKROOT = iphoneos;
				SWIFT_COMPILATION_MODE = wholemodule;
				VALIDATE_PRODUCT = YES;
			};
			name = Release;
		};
		110BFBA02B47639C0021B151 /* Debug */ = {
			isa = XCBuildConfiguration;
			baseConfigurationReference = 7FB07ADA3C89C66C7B78D570 /* Pods-football-app.debug.xcconfig */;
			buildSettings = {
				ASSETCATALOG_COMPILER_APPICON_NAME = AppIcon;
				ASSETCATALOG_COMPILER_GLOBAL_ACCENT_COLOR_NAME = AccentColor;
				CODE_SIGN_STYLE = Automatic;
				CURRENT_PROJECT_VERSION = 1;
				DEVELOPMENT_TEAM = BP69SDJPPD;
				GENERATE_INFOPLIST_FILE = YES;
				INFOPLIST_FILE = "football-app/Info.plist";
				INFOPLIST_KEY_UIApplicationSupportsIndirectInputEvents = YES;
				INFOPLIST_KEY_UILaunchStoryboardName = LaunchScreen;
				INFOPLIST_KEY_UISupportedInterfaceOrientations_iPad = "UIInterfaceOrientationPortrait UIInterfaceOrientationPortraitUpsideDown UIInterfaceOrientationLandscapeLeft UIInterfaceOrientationLandscapeRight";
				INFOPLIST_KEY_UISupportedInterfaceOrientations_iPhone = "UIInterfaceOrientationPortrait UIInterfaceOrientationLandscapeLeft UIInterfaceOrientationLandscapeRight";
				IPHONEOS_DEPLOYMENT_TARGET = 15.0;
				LD_RUNPATH_SEARCH_PATHS = (
					"$(inherited)",
					"@executable_path/Frameworks",
				);
				MARKETING_VERSION = 1.0;
				PRODUCT_BUNDLE_IDENTIFIER = "com.hungcao.football-app";
				PRODUCT_NAME = "$(TARGET_NAME)";
				SWIFT_EMIT_LOC_STRINGS = YES;
				SWIFT_VERSION = 5.0;
				TARGETED_DEVICE_FAMILY = "1,2";
			};
			name = Debug;
		};
		110BFBA12B47639C0021B151 /* Release */ = {
			isa = XCBuildConfiguration;
			baseConfigurationReference = 87DC3CC7599EC1794F4E1E7D /* Pods-football-app.release.xcconfig */;
			buildSettings = {
				ASSETCATALOG_COMPILER_APPICON_NAME = AppIcon;
				ASSETCATALOG_COMPILER_GLOBAL_ACCENT_COLOR_NAME = AccentColor;
				CODE_SIGN_STYLE = Automatic;
				CURRENT_PROJECT_VERSION = 1;
				DEVELOPMENT_TEAM = BP69SDJPPD;
				GENERATE_INFOPLIST_FILE = YES;
				INFOPLIST_FILE = "football-app/Info.plist";
				INFOPLIST_KEY_UIApplicationSupportsIndirectInputEvents = YES;
				INFOPLIST_KEY_UILaunchStoryboardName = LaunchScreen;
				INFOPLIST_KEY_UISupportedInterfaceOrientations_iPad = "UIInterfaceOrientationPortrait UIInterfaceOrientationPortraitUpsideDown UIInterfaceOrientationLandscapeLeft UIInterfaceOrientationLandscapeRight";
				INFOPLIST_KEY_UISupportedInterfaceOrientations_iPhone = "UIInterfaceOrientationPortrait UIInterfaceOrientationLandscapeLeft UIInterfaceOrientationLandscapeRight";
				IPHONEOS_DEPLOYMENT_TARGET = 15.0;
				LD_RUNPATH_SEARCH_PATHS = (
					"$(inherited)",
					"@executable_path/Frameworks",
				);
				MARKETING_VERSION = 1.0;
				PRODUCT_BUNDLE_IDENTIFIER = "com.hungcao.football-app";
				PRODUCT_NAME = "$(TARGET_NAME)";
				SWIFT_EMIT_LOC_STRINGS = YES;
				SWIFT_VERSION = 5.0;
				TARGETED_DEVICE_FAMILY = "1,2";
			};
			name = Release;
		};
/* End XCBuildConfiguration section */

/* Begin XCConfigurationList section */
		110BFB832B47639A0021B151 /* Build configuration list for PBXProject "football-app" */ = {
			isa = XCConfigurationList;
			buildConfigurations = (
				110BFB9D2B47639C0021B151 /* Debug */,
				110BFB9E2B47639C0021B151 /* Release */,
			);
			defaultConfigurationIsVisible = 0;
			defaultConfigurationName = Release;
		};
		110BFB9F2B47639C0021B151 /* Build configuration list for PBXNativeTarget "football-app" */ = {
			isa = XCConfigurationList;
			buildConfigurations = (
				110BFBA02B47639C0021B151 /* Debug */,
				110BFBA12B47639C0021B151 /* Release */,
			);
			defaultConfigurationIsVisible = 0;
			defaultConfigurationName = Release;
		};
/* End XCConfigurationList section */

/* Begin XCVersionGroup section */
		110BFB942B47639B0021B151 /* football_app.xcdatamodeld */ = {
			isa = XCVersionGroup;
			children = (
				110BFB952B47639B0021B151 /* football_app.xcdatamodel */,
			);
			currentVersion = 110BFB952B47639B0021B151 /* football_app.xcdatamodel */;
			path = football_app.xcdatamodeld;
			sourceTree = "<group>";
			versionGroupType = wrapper.xcdatamodel;
		};
/* End XCVersionGroup section */
	};
	rootObject = 110BFB802B47639A0021B151 /* Project object */;
}
